
Microsoft Visual Studio Solution File, Format Version 12.00
# Visual Studio Version 17
VisualStudioVersion = 17.0.31903.59
MinimumVisualStudioVersion = 10.0.40219.1
Project("{FAE04EC0-301F-11D3-BF4B-00C04F79EFBC}") = "Yggdrasil.Engine", "Yggdrasil.Engine\Yggdrasil.Engine.csproj", "{8E639ABD-5497-4BD2-B5D5-43EEF730544B}"
EndProject
Project("{FAE04EC0-301F-11D3-BF4B-00C04F79EFBC}") = "Yggdrasil.Engine.Tests", "Yggdrasil.Engine.Tests\Yggdrasil.Engine.Tests.csproj", "{53D34278-E160-4E54-857B-AF74F665B8BB}"
EndProject
Project("{FAE04EC0-301F-11D3-BF4B-00C04F79EFBC}") = "Yggdrasil.Benchmarks", "Yggdrasil.Benchmarks\Yggdrasil.Benchmarks.csproj", "{8203D4B8-44F5-4A0E-8AEE-C82BBF0F9CF9}"
EndProject
Global
	GlobalSection(SolutionConfigurationPlatforms) = preSolution
		Debug|Any CPU = Debug|Any CPU
		Release|Any CPU = Release|Any CPU
	EndGlobalSection
	GlobalSection(SolutionProperties) = preSolution
		HideSolutionNode = FALSE
	EndGlobalSection
	GlobalSection(ProjectConfigurationPlatforms) = postSolution
		{8E639ABD-5497-4BD2-B5D5-43EEF730544B}.Debug|Any CPU.ActiveCfg = Debug|Any CPU
		{8E639ABD-5497-4BD2-B5D5-43EEF730544B}.Debug|Any CPU.Build.0 = Debug|Any CPU
		{8E639ABD-5497-4BD2-B5D5-43EEF730544B}.Release|Any CPU.ActiveCfg = Release|Any CPU
		{8E639ABD-5497-4BD2-B5D5-43EEF730544B}.Release|Any CPU.Build.0 = Release|Any CPU
		{53D34278-E160-4E54-857B-AF74F665B8BB}.Debug|Any CPU.ActiveCfg = Debug|Any CPU
		{53D34278-E160-4E54-857B-AF74F665B8BB}.Debug|Any CPU.Build.0 = Debug|Any CPU
		{53D34278-E160-4E54-857B-AF74F665B8BB}.Release|Any CPU.ActiveCfg = Release|Any CPU
		{53D34278-E160-4E54-857B-AF74F665B8BB}.Release|Any CPU.Build.0 = Release|Any CPU
		{8203D4B8-44F5-4A0E-8AEE-C82BBF0F9CF9}.Debug|Any CPU.ActiveCfg = Debug|Any CPU
		{8203D4B8-44F5-4A0E-8AEE-C82BBF0F9CF9}.Debug|Any CPU.Build.0 = Debug|Any CPU
		{8203D4B8-44F5-4A0E-8AEE-C82BBF0F9CF9}.Release|Any CPU.ActiveCfg = Release|Any CPU
		{8203D4B8-44F5-4A0E-8AEE-C82BBF0F9CF9}.Release|Any CPU.Build.0 = Release|Any CPU
	EndGlobalSection
EndGlobal
