Microsoft Visual Studio Solution File, Format Version 12.00
# Visual Studio Version 17
VisualStudioVersion = 17.5.2.0
MinimumVisualStudioVersion = 10.0.40219.1
Project("{FAE04EC0-301F-11D3-BF4B-00C04F79EFBC}") = "Yggdrasil.Engine.Benchmarks", "Yggdrasil.Engine.Benchmarks.csproj", "{E373EA06-D419-3D7A-C51D-589C6FF7F8EE}"
EndProject
Global
	GlobalSection(SolutionConfigurationPlatforms) = preSolution
		Debug|Any CPU = Debug|Any CPU
		Release|Any CPU = Release|Any CPU
	EndGlobalSection
	GlobalSection(ProjectConfigurationPlatforms) = postSolution
		{E373EA06-D419-3D7A-C51D-589C6FF7F8EE}.Debug|Any CPU.ActiveCfg = Debug|Any CPU
		{E373EA06-D419-3D7A-C51D-589C6FF7F8EE}.Debug|Any CPU.Build.0 = Debug|Any CPU
		{E373EA06-D419-3D7A-C51D-589C6FF7F8EE}.Release|Any CPU.ActiveCfg = Release|Any CPU
		{E373EA06-D419-3D7A-C51D-589C6FF7F8EE}.Release|Any CPU.Build.0 = Release|Any CPU
	EndGlobalSection
	GlobalSection(SolutionProperties) = preSolution
		HideSolutionNode = FALSE
	EndGlobalSection
	GlobalSection(ExtensibilityGlobals) = postSolution
		SolutionGuid = {25C6CA23-6350-4B1C-ABA7-4076E0E242F7}
	EndGlobalSection
EndGlobal
